
Microsoft Visual Studio Solution File, Format Version 12.00
# Visual Studio Version 16
VisualStudioVersion = 16.0.31205.134
MinimumVisualStudioVersion = 10.0.40219.1
Project("{F184B08F-C81C-45F6-A57F-5ABD9991F28F}") = "WebApplication1", "WebApplication1.vbproj", "{7A101771-C3F6-4972-8217-4A6B6594F733}"
EndProject
Global
	GlobalSection(SolutionConfigurationPlatforms) = preSolution
		Debug|Any CPU = Debug|Any CPU
		Release|Any CPU = Release|Any CPU
	EndGlobalSection
	GlobalSection(ProjectConfigurationPlatforms) = postSolution
		{7A101771-C3F6-4972-8217-4A6B6594F733}.Debug|Any CPU.ActiveCfg = Debug|Any CPU
		{7A101771-C3F6-4972-8217-4A6B6594F733}.Debug|Any CPU.Build.0 = Debug|Any CPU
		{7A101771-C3F6-4972-8217-4A6B6594F733}.Release|Any CPU.ActiveCfg = Release|Any CPU
		{7A101771-C3F6-4972-8217-4A6B6594F733}.Release|Any CPU.Build.0 = Release|Any CPU
	EndGlobalSection
	GlobalSection(SolutionProperties) = preSolution
		HideSolutionNode = FALSE
	EndGlobalSection
	GlobalSection(ExtensibilityGlobals) = postSolution
		SolutionGuid = {4469DB1C-AFF7-4FD6-9F25-4D92A58BB967}
	EndGlobalSection
EndGlobal
